// !$*UTF8*$!
{
	archiveVersion = 1;
	classes = {
	};
	objectVersion = 46;
	objects = {

/* Begin PBXBuildFile section */
		651493B01BC9A74400CB6453 /* task1-3.cpp in Sources */ = {isa = PBXBuildFile; fileRef = 651493AF1BC9A74400CB6453 /* task1-3.cpp */; };
		651493B21BC9A77D00CB6453 /* task4.cpp in Sources */ = {isa = PBXBuildFile; fileRef = 651493B11BC9A77D00CB6453 /* task4.cpp */; };
		651493B41BC9A78B00CB6453 /* task5.cpp in Sources */ = {isa = PBXBuildFile; fileRef = 651493B31BC9A78B00CB6453 /* task5.cpp */; };
		651493B61BC9A79E00CB6453 /* task7-8.cpp in Sources */ = {isa = PBXBuildFile; fileRef = 651493B51BC9A79E00CB6453 /* task7-8.cpp */; };
		651493B81BC9A7A700CB6453 /* task9.cpp in Sources */ = {isa = PBXBuildFile; fileRef = 651493B71BC9A7A700CB6453 /* task9.cpp */; };
		651493BA1BC9A7B100CB6453 /* task10.cpp in Sources */ = {isa = PBXBuildFile; fileRef = 651493B91BC9A7B100CB6453 /* task10.cpp */; };
		65C07BFB1BC80AD900CC2960 /* main.cpp in Sources */ = {isa = PBXBuildFile; fileRef = 65C07BFA1BC80AD900CC2960 /* main.cpp */; };
/* End PBXBuildFile section */

/* Begin PBXCopyFilesBuildPhase section */
		65C07BF51BC80AD900CC2960 /* CopyFiles */ = {
			isa = PBXCopyFilesBuildPhase;
			buildActionMask = 2147483647;
			dstPath = /usr/share/man/man1/;
			dstSubfolderSpec = 0;
			files = (
			);
			runOnlyForDeploymentPostprocessing = 1;
		};
/* End PBXCopyFilesBuildPhase section */

/* Begin PBXFileReference section */
		651493AF1BC9A74400CB6453 /* task1-3.cpp */ = {isa = PBXFileReference; fileEncoding = 4; lastKnownFileType = sourcecode.cpp.cpp; name = "task1-3.cpp"; path = "../../../../MPP/task1-3.cpp"; sourceTree = "<group>"; };
		651493B11BC9A77D00CB6453 /* task4.cpp */ = {isa = PBXFileReference; fileEncoding = 4; lastKnownFileType = sourcecode.cpp.cpp; path = task4.cpp; sourceTree = SOURCE_ROOT; };
		651493B31BC9A78B00CB6453 /* task5.cpp */ = {isa = PBXFileReference; fileEncoding = 4; lastKnownFileType = sourcecode.cpp.cpp; path = task5.cpp; sourceTree = "<group>"; };
		651493B51BC9A79E00CB6453 /* task7-8.cpp */ = {isa = PBXFileReference; fileEncoding = 4; lastKnownFileType = sourcecode.cpp.cpp; path = "task7-8.cpp"; sourceTree = "<group>"; };
		651493B71BC9A7A700CB6453 /* task9.cpp */ = {isa = PBXFileReference; fileEncoding = 4; lastKnownFileType = sourcecode.cpp.cpp; path = task9.cpp; sourceTree = "<group>"; };
		651493B91BC9A7B100CB6453 /* task10.cpp */ = {isa = PBXFileReference; fileEncoding = 4; lastKnownFileType = sourcecode.cpp.cpp; path = task10.cpp; sourceTree = "<group>"; };
		65C07BF71BC80AD900CC2960 /* mpp_assignment */ = {isa = PBXFileReference; explicitFileType = "compiled.mach-o.executable"; includeInIndex = 0; path = mpp_assignment; sourceTree = BUILT_PRODUCTS_DIR; };
		65C07BFA1BC80AD900CC2960 /* main.cpp */ = {isa = PBXFileReference; lastKnownFileType = sourcecode.cpp.cpp; path = main.cpp; sourceTree = "<group>"; };
/* End PBXFileReference section */

/* Begin PBXFrameworksBuildPhase section */
		65C07BF41BC80AD900CC2960 /* Frameworks */ = {
			isa = PBXFrameworksBuildPhase;
			buildActionMask = 2147483647;
			files = (
			);
			runOnlyForDeploymentPostprocessing = 0;
		};
/* End PBXFrameworksBuildPhase section */

/* Begin PBXGroup section */
		65C07BEE1BC80AD900CC2960 = {
			isa = PBXGroup;
			children = (
				65C07BF91BC80AD900CC2960 /* mpp_assignment */,
				65C07BF81BC80AD900CC2960 /* Products */,
			);
			sourceTree = "<group>";
		};
		65C07BF81BC80AD900CC2960 /* Products */ = {
			isa = PBXGroup;
			children = (
				65C07BF71BC80AD900CC2960 /* mpp_assignment */,
			);
			name = Products;
			sourceTree = "<group>";
		};
		65C07BF91BC80AD900CC2960 /* mpp_assignment */ = {
			isa = PBXGroup;
			children = (
				65C07BFA1BC80AD900CC2960 /* main.cpp */,
				651493AF1BC9A74400CB6453 /* task1-3.cpp */,
				651493B11BC9A77D00CB6453 /* task4.cpp */,
				651493B31BC9A78B00CB6453 /* task5.cpp */,
				651493B51BC9A79E00CB6453 /* task7-8.cpp */,
				651493B71BC9A7A700CB6453 /* task9.cpp */,
				651493B91BC9A7B100CB6453 /* task10.cpp */,
			);
			path = mpp_assignment;
			sourceTree = "<group>";
		};
/* End PBXGroup section */

/* Begin PBXNativeTarget section */
		65C07BF61BC80AD900CC2960 /* mpp_assignment */ = {
			isa = PBXNativeTarget;
			buildConfigurationList = 65C07BFE1BC80AD900CC2960 /* Build configuration list for PBXNativeTarget "mpp_assignment" */;
			buildPhases = (
				65C07BF31BC80AD900CC2960 /* Sources */,
				65C07BF41BC80AD900CC2960 /* Frameworks */,
				65C07BF51BC80AD900CC2960 /* CopyFiles */,
			);
			buildRules = (
			);
			dependencies = (
			);
			name = mpp_assignment;
			productName = mpp_assignment;
			productReference = 65C07BF71BC80AD900CC2960 /* mpp_assignment */;
			productType = "com.apple.product-type.tool";
		};
/* End PBXNativeTarget section */

/* Begin PBXProject section */
		65C07BEF1BC80AD900CC2960 /* Project object */ = {
			isa = PBXProject;
			attributes = {
				LastUpgradeCheck = 0640;
				ORGANIZATIONNAME = "Игорь Бисарнов";
				TargetAttributes = {
					65C07BF61BC80AD900CC2960 = {
						CreatedOnToolsVersion = 6.4;
					};
				};
			};
			buildConfigurationList = 65C07BF21BC80AD900CC2960 /* Build configuration list for PBXProject "mpp_assignment" */;
			compatibilityVersion = "Xcode 3.2";
			developmentRegion = English;
			hasScannedForEncodings = 0;
			knownRegions = (
				en,
			);
			mainGroup = 65C07BEE1BC80AD900CC2960;
			productRefGroup = 65C07BF81BC80AD900CC2960 /* Products */;
			projectDirPath = "";
			projectRoot = "";
			targets = (
				65C07BF61BC80AD900CC2960 /* mpp_assignment */,
			);
		};
/* End PBXProject section */

/* Begin PBXSourcesBuildPhase section */
		65C07BF31BC80AD900CC2960 /* Sources */ = {
			isa = PBXSourcesBuildPhase;
			buildActionMask = 2147483647;
			files = (
				651493B01BC9A74400CB6453 /* task1-3.cpp in Sources */,
				65C07BFB1BC80AD900CC2960 /* main.cpp in Sources */,
				651493B81BC9A7A700CB6453 /* task9.cpp in Sources */,
				651493B41BC9A78B00CB6453 /* task5.cpp in Sources */,
				651493BA1BC9A7B100CB6453 /* task10.cpp in Sources */,
				651493B61BC9A79E00CB6453 /* task7-8.cpp in Sources */,
				651493B21BC9A77D00CB6453 /* task4.cpp in Sources */,
			);
			runOnlyForDeploymentPostprocessing = 0;
		};
/* End PBXSourcesBuildPhase section */

/* Begin XCBuildConfiguration section */
		65C07BFC1BC80AD900CC2960 /* Debug */ = {
			isa = XCBuildConfiguration;
			buildSettings = {
				ALWAYS_SEARCH_USER_PATHS = NO;
				CLANG_CXX_LANGUAGE_STANDARD = "gnu++0x";
				CLANG_CXX_LIBRARY = "libc++";
				CLANG_ENABLE_MODULES = YES;
				CLANG_ENABLE_OBJC_ARC = YES;
				CLANG_WARN_BOOL_CONVERSION = YES;
				CLANG_WARN_CONSTANT_CONVERSION = YES;
				CLANG_WARN_DIRECT_OBJC_ISA_USAGE = YES_ERROR;
				CLANG_WARN_EMPTY_BODY = YES;
				CLANG_WARN_ENUM_CONVERSION = YES;
				CLANG_WARN_INT_CONVERSION = YES;
				CLANG_WARN_OBJC_ROOT_CLASS = YES_ERROR;
				CLANG_WARN_UNREACHABLE_CODE = YES;
				CLANG_WARN__DUPLICATE_METHOD_MATCH = YES;
				COPY_PHASE_STRIP = NO;
				DEBUG_INFORMATION_FORMAT = dwarf;
				ENABLE_STRICT_OBJC_MSGSEND = YES;
				GCC_C_LANGUAGE_STANDARD = gnu99;
				GCC_DYNAMIC_NO_PIC = NO;
				GCC_NO_COMMON_BLOCKS = YES;
				GCC_OPTIMIZATION_LEVEL = 0;
				GCC_PREPROCESSOR_DEFINITIONS = (
					"DEBUG=1",
					"$(inherited)",
				);
				GCC_SYMBOLS_PRIVATE_EXTERN = NO;
				GCC_WARN_64_TO_32_BIT_CONVERSION = YES;
				GCC_WARN_ABOUT_RETURN_TYPE = YES_ERROR;
				GCC_WARN_UNDECLARED_SELECTOR = YES;
				GCC_WARN_UNINITIALIZED_AUTOS = YES_AGGRESSIVE;
				GCC_WARN_UNUSED_FUNCTION = YES;
				GCC_WARN_UNUSED_VARIABLE = YES;
				MACOSX_DEPLOYMENT_TARGET = 10.10;
				MTL_ENABLE_DEBUG_INFO = YES;
				ONLY_ACTIVE_ARCH = YES;
				SDKROOT = macosx;
			};
			name = Debug;
		};
		65C07BFD1BC80AD900CC2960 /* Release */ = {
			isa = XCBuildConfiguration;
			buildSettings = {
				ALWAYS_SEARCH_USER_PATHS = NO;
				CLANG_CXX_LANGUAGE_STANDARD = "gnu++0x";
				CLANG_CXX_LIBRARY = "libc++";
				CLANG_ENABLE_MODULES = YES;
				CLANG_ENABLE_OBJC_ARC = YES;
				CLANG_WARN_BOOL_CONVERSION = YES;
				CLANG_WARN_CONSTANT_CONVERSION = YES;
				CLANG_WARN_DIRECT_OBJC_ISA_USAGE = YES_ERROR;
				CLANG_WARN_EMPTY_BODY = YES;
				CLANG_WARN_ENUM_CONVERSION = YES;
				CLANG_WARN_INT_CONVERSION = YES;
				CLANG_WARN_OBJC_ROOT_CLASS = YES_ERROR;
				CLANG_WARN_UNREACHABLE_CODE = YES;
				CLANG_WARN__DUPLICATE_METHOD_MATCH = YES;
				COPY_PHASE_STRIP = NO;
				DEBUG_INFORMATION_FORMAT = "dwarf-with-dsym";
				ENABLE_NS_ASSERTIONS = NO;
				ENABLE_STRICT_OBJC_MSGSEND = YES;
				GCC_C_LANGUAGE_STANDARD = gnu99;
				GCC_NO_COMMON_BLOCKS = YES;
				GCC_WARN_64_TO_32_BIT_CONVERSION = YES;
				GCC_WARN_ABOUT_RETURN_TYPE = YES_ERROR;
				GCC_WARN_UNDECLARED_SELECTOR = YES;
				GCC_WARN_UNINITIALIZED_AUTOS = YES_AGGRESSIVE;
				GCC_WARN_UNUSED_FUNCTION = YES;
				GCC_WARN_UNUSED_VARIABLE = YES;
				MACOSX_DEPLOYMENT_TARGET = 10.10;
				MTL_ENABLE_DEBUG_INFO = NO;
				SDKROOT = macosx;
			};
			name = Release;
		};
		65C07BFF1BC80AD900CC2960 /* Debug */ = {
			isa = XCBuildConfiguration;
			buildSettings = {
				PRODUCT_NAME = "$(TARGET_NAME)";
			};
			name = Debug;
		};
		65C07C001BC80AD900CC2960 /* Release */ = {
			isa = XCBuildConfiguration;
			buildSettings = {
				PRODUCT_NAME = "$(TARGET_NAME)";
			};
			name = Release;
		};
/* End XCBuildConfiguration section */

/* Begin XCConfigurationList section */
		65C07BF21BC80AD900CC2960 /* Build configuration list for PBXProject "mpp_assignment" */ = {
			isa = XCConfigurationList;
			buildConfigurations = (
				65C07BFC1BC80AD900CC2960 /* Debug */,
				65C07BFD1BC80AD900CC2960 /* Release */,
			);
			defaultConfigurationIsVisible = 0;
			defaultConfigurationName = Release;
		};
		65C07BFE1BC80AD900CC2960 /* Build configuration list for PBXNativeTarget "mpp_assignment" */ = {
			isa = XCConfigurationList;
			buildConfigurations = (
				65C07BFF1BC80AD900CC2960 /* Debug */,
				65C07C001BC80AD900CC2960 /* Release */,
			);
			defaultConfigurationIsVisible = 0;
			defaultConfigurationName = Release;
		};
/* End XCConfigurationList section */
	};
	rootObject = 65C07BEF1BC80AD900CC2960 /* Project object */;
}
